// !$*UTF8*$!
{
	archiveVersion = 1;
	classes = {
	};
	objectVersion = 50;
	objects = {

/* Begin PBXBuildFile section */
		207D7DD75D03E18ABF769FF0 /* Pods_forTest.framework in Frameworks */ = {isa = PBXBuildFile; fileRef = D616AE717E08AA143E21F9B9 /* Pods_forTest.framework */; };
		D8E27F8226D38555008F5453 /* AppDelegate.swift in Sources */ = {isa = PBXBuildFile; fileRef = D8E27F8126D38555008F5453 /* AppDelegate.swift */; };
		D8E27F8426D38555008F5453 /* SceneDelegate.swift in Sources */ = {isa = PBXBuildFile; fileRef = D8E27F8326D38555008F5453 /* SceneDelegate.swift */; };
		D8E27F8626D38555008F5453 /* ViewController.swift in Sources */ = {isa = PBXBuildFile; fileRef = D8E27F8526D38555008F5453 /* ViewController.swift */; };
		D8E27F8926D38555008F5453 /* Main.storyboard in Resources */ = {isa = PBXBuildFile; fileRef = D8E27F8726D38555008F5453 /* Main.storyboard */; };
		D8E27F8B26D38556008F5453 /* Assets.xcassets in Resources */ = {isa = PBXBuildFile; fileRef = D8E27F8A26D38556008F5453 /* Assets.xcassets */; };
		D8E27F8E26D38556008F5453 /* LaunchScreen.storyboard in Resources */ = {isa = PBXBuildFile; fileRef = D8E27F8C26D38556008F5453 /* LaunchScreen.storyboard */; };
		D8E27F9926D38556008F5453 /* forTestTests.swift in Sources */ = {isa = PBXBuildFile; fileRef = D8E27F9826D38556008F5453 /* forTestTests.swift */; };
		D8E27FA426D38556008F5453 /* forTestUITests.swift in Sources */ = {isa = PBXBuildFile; fileRef = D8E27FA326D38556008F5453 /* forTestUITests.swift */; };
/* End PBXBuildFile section */

/* Begin PBXContainerItemProxy section */
		D8E27F9526D38556008F5453 /* PBXContainerItemProxy */ = {
			isa = PBXContainerItemProxy;
			containerPortal = D8E27F7626D38555008F5453 /* Project object */;
			proxyType = 1;
			remoteGlobalIDString = D8E27F7D26D38555008F5453;
			remoteInfo = forTest;
		};
		D8E27FA026D38556008F5453 /* PBXContainerItemProxy */ = {
			isa = PBXContainerItemProxy;
			containerPortal = D8E27F7626D38555008F5453 /* Project object */;
			proxyType = 1;
			remoteGlobalIDString = D8E27F7D26D38555008F5453;
			remoteInfo = forTest;
		};
/* End PBXContainerItemProxy section */

/* Begin PBXFileReference section */
		B1082EFF284220311C62DCEA /* Pods-forTest.release.xcconfig */ = {isa = PBXFileReference; includeInIndex = 1; lastKnownFileType = text.xcconfig; name = "Pods-forTest.release.xcconfig"; path = "Target Support Files/Pods-forTest/Pods-forTest.release.xcconfig"; sourceTree = "<group>"; };
		D616AE717E08AA143E21F9B9 /* Pods_forTest.framework */ = {isa = PBXFileReference; explicitFileType = wrapper.framework; includeInIndex = 0; path = Pods_forTest.framework; sourceTree = BUILT_PRODUCTS_DIR; };
		D8E27F7E26D38555008F5453 /* forTest.app */ = {isa = PBXFileReference; explicitFileType = wrapper.application; includeInIndex = 0; path = forTest.app; sourceTree = BUILT_PRODUCTS_DIR; };
		D8E27F8126D38555008F5453 /* AppDelegate.swift */ = {isa = PBXFileReference; lastKnownFileType = sourcecode.swift; path = AppDelegate.swift; sourceTree = "<group>"; };
		D8E27F8326D38555008F5453 /* SceneDelegate.swift */ = {isa = PBXFileReference; lastKnownFileType = sourcecode.swift; path = SceneDelegate.swift; sourceTree = "<group>"; };
		D8E27F8526D38555008F5453 /* ViewController.swift */ = {isa = PBXFileReference; lastKnownFileType = sourcecode.swift; path = ViewController.swift; sourceTree = "<group>"; };
		D8E27F8826D38555008F5453 /* Base */ = {isa = PBXFileReference; lastKnownFileType = file.storyboard; name = Base; path = Base.lproj/Main.storyboard; sourceTree = "<group>"; };
		D8E27F8A26D38556008F5453 /* Assets.xcassets */ = {isa = PBXFileReference; lastKnownFileType = folder.assetcatalog; path = Assets.xcassets; sourceTree = "<group>"; };
		D8E27F8D26D38556008F5453 /* Base */ = {isa = PBXFileReference; lastKnownFileType = file.storyboard; name = Base; path = Base.lproj/LaunchScreen.storyboard; sourceTree = "<group>"; };
		D8E27F8F26D38556008F5453 /* Info.plist */ = {isa = PBXFileReference; lastKnownFileType = text.plist.xml; path = Info.plist; sourceTree = "<group>"; };
		D8E27F9426D38556008F5453 /* forTestTests.xctest */ = {isa = PBXFileReference; explicitFileType = wrapper.cfbundle; includeInIndex = 0; path = forTestTests.xctest; sourceTree = BUILT_PRODUCTS_DIR; };
		D8E27F9826D38556008F5453 /* forTestTests.swift */ = {isa = PBXFileReference; lastKnownFileType = sourcecode.swift; path = forTestTests.swift; sourceTree = "<group>"; };
		D8E27F9A26D38556008F5453 /* Info.plist */ = {isa = PBXFileReference; lastKnownFileType = text.plist.xml; path = Info.plist; sourceTree = "<group>"; };
		D8E27F9F26D38556008F5453 /* forTestUITests.xctest */ = {isa = PBXFileReference; explicitFileType = wrapper.cfbundle; includeInIndex = 0; path = forTestUITests.xctest; sourceTree = BUILT_PRODUCTS_DIR; };
		D8E27FA326D38556008F5453 /* forTestUITests.swift */ = {isa = PBXFileReference; lastKnownFileType = sourcecode.swift; path = forTestUITests.swift; sourceTree = "<group>"; };
		D8E27FA526D38556008F5453 /* Info.plist */ = {isa = PBXFileReference; lastKnownFileType = text.plist.xml; path = Info.plist; sourceTree = "<group>"; };
		DEEB540E6DE517B2BF5197B2 /* Pods-forTest.debug.xcconfig */ = {isa = PBXFileReference; includeInIndex = 1; lastKnownFileType = text.xcconfig; name = "Pods-forTest.debug.xcconfig"; path = "Target Support Files/Pods-forTest/Pods-forTest.debug.xcconfig"; sourceTree = "<group>"; };
/* End PBXFileReference section */

/* Begin PBXFrameworksBuildPhase section */
		D8E27F7B26D38555008F5453 /* Frameworks */ = {
			isa = PBXFrameworksBuildPhase;
			buildActionMask = 2147483647;
			files = (
				207D7DD75D03E18ABF769FF0 /* Pods_forTest.framework in Frameworks */,
			);
			runOnlyForDeploymentPostprocessing = 0;
		};
		D8E27F9126D38556008F5453 /* Frameworks */ = {
			isa = PBXFrameworksBuildPhase;
			buildActionMask = 2147483647;
			files = (
			);
			runOnlyForDeploymentPostprocessing = 0;
		};
		D8E27F9C26D38556008F5453 /* Frameworks */ = {
			isa = PBXFrameworksBuildPhase;
			buildActionMask = 2147483647;
			files = (
			);
			runOnlyForDeploymentPostprocessing = 0;
		};
/* End PBXFrameworksBuildPhase section */

/* Begin PBXGroup section */
		025E894EB30D4ECE75420F83 /* Pods */ = {
			isa = PBXGroup;
			children = (
				DEEB540E6DE517B2BF5197B2 /* Pods-forTest.debug.xcconfig */,
				B1082EFF284220311C62DCEA /* Pods-forTest.release.xcconfig */,
			);
			name = Pods;
			path = Pods;
			sourceTree = "<group>";
		};
		7CF858BDE9E2F9AE1FC6F413 /* Frameworks */ = {
			isa = PBXGroup;
			children = (
				D616AE717E08AA143E21F9B9 /* Pods_forTest.framework */,
			);
			name = Frameworks;
			sourceTree = "<group>";
		};
		D8E27F7526D38555008F5453 = {
			isa = PBXGroup;
			children = (
				D8E27F8026D38555008F5453 /* forTest */,
				D8E27F9726D38556008F5453 /* forTestTests */,
				D8E27FA226D38556008F5453 /* forTestUITests */,
				D8E27F7F26D38555008F5453 /* Products */,
				025E894EB30D4ECE75420F83 /* Pods */,
				7CF858BDE9E2F9AE1FC6F413 /* Frameworks */,
			);
			sourceTree = "<group>";
		};
		D8E27F7F26D38555008F5453 /* Products */ = {
			isa = PBXGroup;
			children = (
				D8E27F7E26D38555008F5453 /* forTest.app */,
				D8E27F9426D38556008F5453 /* forTestTests.xctest */,
				D8E27F9F26D38556008F5453 /* forTestUITests.xctest */,
			);
			name = Products;
			sourceTree = "<group>";
		};
		D8E27F8026D38555008F5453 /* forTest */ = {
			isa = PBXGroup;
			children = (
				D8E27F8126D38555008F5453 /* AppDelegate.swift */,
				D8E27F8326D38555008F5453 /* SceneDelegate.swift */,
				D8E27F8526D38555008F5453 /* ViewController.swift */,
				D8E27F8726D38555008F5453 /* Main.storyboard */,
				D8E27F8A26D38556008F5453 /* Assets.xcassets */,
				D8E27F8C26D38556008F5453 /* LaunchScreen.storyboard */,
				D8E27F8F26D38556008F5453 /* Info.plist */,
			);
			path = forTest;
			sourceTree = "<group>";
		};
		D8E27F9726D38556008F5453 /* forTestTests */ = {
			isa = PBXGroup;
			children = (
				D8E27F9826D38556008F5453 /* forTestTests.swift */,
				D8E27F9A26D38556008F5453 /* Info.plist */,
			);
			path = forTestTests;
			sourceTree = "<group>";
		};
		D8E27FA226D38556008F5453 /* forTestUITests */ = {
			isa = PBXGroup;
			children = (
				D8E27FA326D38556008F5453 /* forTestUITests.swift */,
				D8E27FA526D38556008F5453 /* Info.plist */,
			);
			path = forTestUITests;
			sourceTree = "<group>";
		};
/* End PBXGroup section */

/* Begin PBXNativeTarget section */
		D8E27F7D26D38555008F5453 /* forTest */ = {
			isa = PBXNativeTarget;
			buildConfigurationList = D8E27FA826D38556008F5453 /* Build configuration list for PBXNativeTarget "forTest" */;
			buildPhases = (
				BA66AA4481EBEB4DD46C4CAC /* [CP] Check Pods Manifest.lock */,
				D8E27F7A26D38555008F5453 /* Sources */,
				D8E27F7B26D38555008F5453 /* Frameworks */,
				D8E27F7C26D38555008F5453 /* Resources */,
				D16D3AD06D91CCD99B488345 /* [CP] Embed Pods Frameworks */,
			);
			buildRules = (
			);
			dependencies = (
			);
			name = forTest;
			productName = forTest;
			productReference = D8E27F7E26D38555008F5453 /* forTest.app */;
			productType = "com.apple.product-type.application";
		};
		D8E27F9326D38556008F5453 /* forTestTests */ = {
			isa = PBXNativeTarget;
			buildConfigurationList = D8E27FAB26D38556008F5453 /* Build configuration list for PBXNativeTarget "forTestTests" */;
			buildPhases = (
				D8E27F9026D38556008F5453 /* Sources */,
				D8E27F9126D38556008F5453 /* Frameworks */,
				D8E27F9226D38556008F5453 /* Resources */,
			);
			buildRules = (
			);
			dependencies = (
				D8E27F9626D38556008F5453 /* PBXTargetDependency */,
			);
			name = forTestTests;
			productName = forTestTests;
			productReference = D8E27F9426D38556008F5453 /* forTestTests.xctest */;
			productType = "com.apple.product-type.bundle.unit-test";
		};
		D8E27F9E26D38556008F5453 /* forTestUITests */ = {
			isa = PBXNativeTarget;
			buildConfigurationList = D8E27FAE26D38556008F5453 /* Build configuration list for PBXNativeTarget "forTestUITests" */;
			buildPhases = (
				D8E27F9B26D38556008F5453 /* Sources */,
				D8E27F9C26D38556008F5453 /* Frameworks */,
				D8E27F9D26D38556008F5453 /* Resources */,
			);
			buildRules = (
			);
			dependencies = (
				D8E27FA126D38556008F5453 /* PBXTargetDependency */,
			);
			name = forTestUITests;
			productName = forTestUITests;
			productReference = D8E27F9F26D38556008F5453 /* forTestUITests.xctest */;
			productType = "com.apple.product-type.bundle.ui-testing";
		};
/* End PBXNativeTarget section */

/* Begin PBXProject section */
		D8E27F7626D38555008F5453 /* Project object */ = {
			isa = PBXProject;
			attributes = {
				LastSwiftUpdateCheck = 1250;
				LastUpgradeCheck = 1250;
				TargetAttributes = {
					D8E27F7D26D38555008F5453 = {
						CreatedOnToolsVersion = 12.5.1;
					};
					D8E27F9326D38556008F5453 = {
						CreatedOnToolsVersion = 12.5.1;
						TestTargetID = D8E27F7D26D38555008F5453;
					};
					D8E27F9E26D38556008F5453 = {
						CreatedOnToolsVersion = 12.5.1;
						TestTargetID = D8E27F7D26D38555008F5453;
					};
				};
			};
			buildConfigurationList = D8E27F7926D38555008F5453 /* Build configuration list for PBXProject "forTest" */;
			compatibilityVersion = "Xcode 9.3";
			developmentRegion = en;
			hasScannedForEncodings = 0;
			knownRegions = (
				en,
				Base,
			);
			mainGroup = D8E27F7526D38555008F5453;
			productRefGroup = D8E27F7F26D38555008F5453 /* Products */;
			projectDirPath = "";
			projectRoot = "";
			targets = (
				D8E27F7D26D38555008F5453 /* forTest */,
				D8E27F9326D38556008F5453 /* forTestTests */,
				D8E27F9E26D38556008F5453 /* forTestUITests */,
			);
		};
/* End PBXProject section */

/* Begin PBXResourcesBuildPhase section */
		D8E27F7C26D38555008F5453 /* Resources */ = {
			isa = PBXResourcesBuildPhase;
			buildActionMask = 2147483647;
			files = (
				D8E27F8E26D38556008F5453 /* LaunchScreen.storyboard in Resources */,
				D8E27F8B26D38556008F5453 /* Assets.xcassets in Resources */,
				D8E27F8926D38555008F5453 /* Main.storyboard in Resources */,
			);
			runOnlyForDeploymentPostprocessing = 0;
		};
		D8E27F9226D38556008F5453 /* Resources */ = {
			isa = PBXResourcesBuildPhase;
			buildActionMask = 2147483647;
			files = (
			);
			runOnlyForDeploymentPostprocessing = 0;
		};
		D8E27F9D26D38556008F5453 /* Resources */ = {
			isa = PBXResourcesBuildPhase;
			buildActionMask = 2147483647;
			files = (
			);
			runOnlyForDeploymentPostprocessing = 0;
		};
/* End PBXResourcesBuildPhase section */

/* Begin PBXShellScriptBuildPhase section */
		BA66AA4481EBEB4DD46C4CAC /* [CP] Check Pods Manifest.lock */ = {
			isa = PBXShellScriptBuildPhase;
			buildActionMask = 2147483647;
			files = (
			);
			inputFileListPaths = (
			);
			inputPaths = (
				"${PODS_PODFILE_DIR_PATH}/Podfile.lock",
				"${PODS_ROOT}/Manifest.lock",
			);
			name = "[CP] Check Pods Manifest.lock";
			outputFileListPaths = (
			);
			outputPaths = (
				"$(DERIVED_FILE_DIR)/Pods-forTest-checkManifestLockResult.txt",
			);
			runOnlyForDeploymentPostprocessing = 0;
			shellPath = /bin/sh;
			shellScript = "diff \"${PODS_PODFILE_DIR_PATH}/Podfile.lock\" \"${PODS_ROOT}/Manifest.lock\" > /dev/null\nif [ $? != 0 ] ; then\n    # print error to STDERR\n    echo \"error: The sandbox is not in sync with the Podfile.lock. Run 'pod install' or update your CocoaPods installation.\" >&2\n    exit 1\nfi\n# This output is used by Xcode 'outputs' to avoid re-running this script phase.\necho \"SUCCESS\" > \"${SCRIPT_OUTPUT_FILE_0}\"\n";
			showEnvVarsInLog = 0;
		};
		D16D3AD06D91CCD99B488345 /* [CP] Embed Pods Frameworks */ = {
			isa = PBXShellScriptBuildPhase;
			buildActionMask = 2147483647;
			files = (
			);
			inputFileListPaths = (
				"${PODS_ROOT}/Target Support Files/Pods-forTest/Pods-forTest-frameworks-${CONFIGURATION}-input-files.xcfilelist",
			);
			name = "[CP] Embed Pods Frameworks";
			outputFileListPaths = (
				"${PODS_ROOT}/Target Support Files/Pods-forTest/Pods-forTest-frameworks-${CONFIGURATION}-output-files.xcfilelist",
			);
			runOnlyForDeploymentPostprocessing = 0;
			shellPath = /bin/sh;
			shellScript = "\"${PODS_ROOT}/Target Support Files/Pods-forTest/Pods-forTest-frameworks.sh\"\n";
			showEnvVarsInLog = 0;
		};
/* End PBXShellScriptBuildPhase section */

/* Begin PBXSourcesBuildPhase section */
		D8E27F7A26D38555008F5453 /* Sources */ = {
			isa = PBXSourcesBuildPhase;
			buildActionMask = 2147483647;
			files = (
				D8E27F8626D38555008F5453 /* ViewController.swift in Sources */,
				D8E27F8226D38555008F5453 /* AppDelegate.swift in Sources */,
				D8E27F8426D38555008F5453 /* SceneDelegate.swift in Sources */,
			);
			runOnlyForDeploymentPostprocessing = 0;
		};
		D8E27F9026D38556008F5453 /* Sources */ = {
			isa = PBXSourcesBuildPhase;
			buildActionMask = 2147483647;
			files = (
				D8E27F9926D38556008F5453 /* forTestTests.swift in Sources */,
			);
			runOnlyForDeploymentPostprocessing = 0;
		};
		D8E27F9B26D38556008F5453 /* Sources */ = {
			isa = PBXSourcesBuildPhase;
			buildActionMask = 2147483647;
			files = (
				D8E27FA426D38556008F5453 /* forTestUITests.swift in Sources */,
			);
			runOnlyForDeploymentPostprocessing = 0;
		};
/* End PBXSourcesBuildPhase section */

/* Begin PBXTargetDependency section */
		D8E27F9626D38556008F5453 /* PBXTargetDependency */ = {
			isa = PBXTargetDependency;
			target = D8E27F7D26D38555008F5453 /* forTest */;
			targetProxy = D8E27F9526D38556008F5453 /* PBXContainerItemProxy */;
		};
		D8E27FA126D38556008F5453 /* PBXTargetDependency */ = {
			isa = PBXTargetDependency;
			target = D8E27F7D26D38555008F5453 /* forTest */;
			targetProxy = D8E27FA026D38556008F5453 /* PBXContainerItemProxy */;
		};
/* End PBXTargetDependency section */

/* Begin PBXVariantGroup section */
		D8E27F8726D38555008F5453 /* Main.storyboard */ = {
			isa = PBXVariantGroup;
			children = (
				D8E27F8826D38555008F5453 /* Base */,
			);
			name = Main.storyboard;
			sourceTree = "<group>";
		};
		D8E27F8C26D38556008F5453 /* LaunchScreen.storyboard */ = {
			isa = PBXVariantGroup;
			children = (
				D8E27F8D26D38556008F5453 /* Base */,
			);
			name = LaunchScreen.storyboard;
			sourceTree = "<group>";
		};
/* End PBXVariantGroup section */

/* Begin XCBuildConfiguration section */
		D8E27FA626D38556008F5453 /* Debug */ = {
			isa = XCBuildConfiguration;
			buildSettings = {
				ALWAYS_SEARCH_USER_PATHS = NO;
				CLANG_ANALYZER_NONNULL = YES;
				CLANG_ANALYZER_NUMBER_OBJECT_CONVERSION = YES_AGGRESSIVE;
				CLANG_CXX_LANGUAGE_STANDARD = "gnu++14";
				CLANG_CXX_LIBRARY = "libc++";
				CLANG_ENABLE_MODULES = YES;
				CLANG_ENABLE_OBJC_ARC = YES;
				CLANG_ENABLE_OBJC_WEAK = YES;
				CLANG_WARN_BLOCK_CAPTURE_AUTORELEASING = YES;
				CLANG_WARN_BOOL_CONVERSION = YES;
				CLANG_WARN_COMMA = YES;
				CLANG_WARN_CONSTANT_CONVERSION = YES;
				CLANG_WARN_DEPRECATED_OBJC_IMPLEMENTATIONS = YES;
				CLANG_WARN_DIRECT_OBJC_ISA_USAGE = YES_ERROR;
				CLANG_WARN_DOCUMENTATION_COMMENTS = YES;
				CLANG_WARN_EMPTY_BODY = YES;
				CLANG_WARN_ENUM_CONVERSION = YES;
				CLANG_WARN_INFINITE_RECURSION = YES;
				CLANG_WARN_INT_CONVERSION = YES;
				CLANG_WARN_NON_LITERAL_NULL_CONVERSION = YES;
				CLANG_WARN_OBJC_IMPLICIT_RETAIN_SELF = YES;
				CLANG_WARN_OBJC_LITERAL_CONVERSION = YES;
				CLANG_WARN_OBJC_ROOT_CLASS = YES_ERROR;
				CLANG_WARN_QUOTED_INCLUDE_IN_FRAMEWORK_HEADER = YES;
				CLANG_WARN_RANGE_LOOP_ANALYSIS = YES;
				CLANG_WARN_STRICT_PROTOTYPES = YES;
				CLANG_WARN_SUSPICIOUS_MOVE = YES;
				CLANG_WARN_UNGUARDED_AVAILABILITY = YES_AGGRESSIVE;
				CLANG_WARN_UNREACHABLE_CODE = YES;
				CLANG_WARN__DUPLICATE_METHOD_MATCH = YES;
				COPY_PHASE_STRIP = NO;
				DEBUG_INFORMATION_FORMAT = dwarf;
				ENABLE_STRICT_OBJC_MSGSEND = YES;
				ENABLE_TESTABILITY = YES;
				GCC_C_LANGUAGE_STANDARD = gnu11;
				GCC_DYNAMIC_NO_PIC = NO;
				GCC_NO_COMMON_BLOCKS = YES;
				GCC_OPTIMIZATION_LEVEL = 0;
				GCC_PREPROCESSOR_DEFINITIONS = (
					"DEBUG=1",
					"$(inherited)",
				);
				GCC_WARN_64_TO_32_BIT_CONVERSION = YES;
				GCC_WARN_ABOUT_RETURN_TYPE = YES_ERROR;
				GCC_WARN_UNDECLARED_SELECTOR = YES;
				GCC_WARN_UNINITIALIZED_AUTOS = YES_AGGRESSIVE;
				GCC_WARN_UNUSED_FUNCTION = YES;
				GCC_WARN_UNUSED_VARIABLE = YES;
				IPHONEOS_DEPLOYMENT_TARGET = 14.5;
				MTL_ENABLE_DEBUG_INFO = INCLUDE_SOURCE;
				MTL_FAST_MATH = YES;
				ONLY_ACTIVE_ARCH = YES;
				SDKROOT = iphoneos;
				SWIFT_ACTIVE_COMPILATION_CONDITIONS = DEBUG;
				SWIFT_OPTIMIZATION_LEVEL = "-Onone";
			};
			name = Debug;
		};
		D8E27FA726D38556008F5453 /* Release */ = {
			isa = XCBuildConfiguration;
			buildSettings = {
				ALWAYS_SEARCH_USER_PATHS = NO;
				CLANG_ANALYZER_NONNULL = YES;
				CLANG_ANALYZER_NUMBER_OBJECT_CONVERSION = YES_AGGRESSIVE;
				CLANG_CXX_LANGUAGE_STANDARD = "gnu++14";
				CLANG_CXX_LIBRARY = "libc++";
				CLANG_ENABLE_MODULES = YES;
				CLANG_ENABLE_OBJC_ARC = YES;
				CLANG_ENABLE_OBJC_WEAK = YES;
				CLANG_WARN_BLOCK_CAPTURE_AUTORELEASING = YES;
				CLANG_WARN_BOOL_CONVERSION = YES;
				CLANG_WARN_COMMA = YES;
				CLANG_WARN_CONSTANT_CONVERSION = YES;
				CLANG_WARN_DEPRECATED_OBJC_IMPLEMENTATIONS = YES;
				CLANG_WARN_DIRECT_OBJC_ISA_USAGE = YES_ERROR;
				CLANG_WARN_DOCUMENTATION_COMMENTS = YES;
				CLANG_WARN_EMPTY_BODY = YES;
				CLANG_WARN_ENUM_CONVERSION = YES;
				CLANG_WARN_INFINITE_RECURSION = YES;
				CLANG_WARN_INT_CONVERSION = YES;
				CLANG_WARN_NON_LITERAL_NULL_CONVERSION = YES;
				CLANG_WARN_OBJC_IMPLICIT_RETAIN_SELF = YES;
				CLANG_WARN_OBJC_LITERAL_CONVERSION = YES;
				CLANG_WARN_OBJC_ROOT_CLASS = YES_ERROR;
				CLANG_WARN_QUOTED_INCLUDE_IN_FRAMEWORK_HEADER = YES;
				CLANG_WARN_RANGE_LOOP_ANALYSIS = YES;
				CLANG_WARN_STRICT_PROTOTYPES = YES;
				CLANG_WARN_SUSPICIOUS_MOVE = YES;
				CLANG_WARN_UNGUARDED_AVAILABILITY = YES_AGGRESSIVE;
				CLANG_WARN_UNREACHABLE_CODE = YES;
				CLANG_WARN__DUPLICATE_METHOD_MATCH = YES;
				COPY_PHASE_STRIP = NO;
				DEBUG_INFORMATION_FORMAT = "dwarf-with-dsym";
				ENABLE_NS_ASSERTIONS = NO;
				ENABLE_STRICT_OBJC_MSGSEND = YES;
				GCC_C_LANGUAGE_STANDARD = gnu11;
				GCC_NO_COMMON_BLOCKS = YES;
				GCC_WARN_64_TO_32_BIT_CONVERSION = YES;
				GCC_WARN_ABOUT_RETURN_TYPE = YES_ERROR;
				GCC_WARN_UNDECLARED_SELECTOR = YES;
				GCC_WARN_UNINITIALIZED_AUTOS = YES_AGGRESSIVE;
				GCC_WARN_UNUSED_FUNCTION = YES;
				GCC_WARN_UNUSED_VARIABLE = YES;
				IPHONEOS_DEPLOYMENT_TARGET = 14.5;
				MTL_ENABLE_DEBUG_INFO = NO;
				MTL_FAST_MATH = YES;
				SDKROOT = iphoneos;
				SWIFT_COMPILATION_MODE = wholemodule;
				SWIFT_OPTIMIZATION_LEVEL = "-O";
				VALIDATE_PRODUCT = YES;
			};
			name = Release;
		};
		D8E27FA926D38556008F5453 /* Debug */ = {
			isa = XCBuildConfiguration;
			baseConfigurationReference = DEEB540E6DE517B2BF5197B2 /* Pods-forTest.debug.xcconfig */;
			buildSettings = {
				ASSETCATALOG_COMPILER_APPICON_NAME = AppIcon;
				ASSETCATALOG_COMPILER_GLOBAL_ACCENT_COLOR_NAME = AccentColor;
				CODE_SIGN_STYLE = Automatic;
				INFOPLIST_FILE = forTest/Info.plist;
				LD_RUNPATH_SEARCH_PATHS = (
					"$(inherited)",
					"@executable_path/Frameworks",
				);
				PRODUCT_BUNDLE_IDENTIFIER = joe.forTest;
				PRODUCT_NAME = "$(TARGET_NAME)";
				SWIFT_VERSION = 5.0;
				TARGETED_DEVICE_FAMILY = "1,2";
			};
			name = Debug;
		};
		D8E27FAA26D38556008F5453 /* Release */ = {
			isa = XCBuildConfiguration;
			baseConfigurationReference = B1082EFF284220311C62DCEA /* Pods-forTest.release.xcconfig */;
			buildSettings = {
				ASSETCATALOG_COMPILER_APPICON_NAME = AppIcon;
				ASSETCATALOG_COMPILER_GLOBAL_ACCENT_COLOR_NAME = AccentColor;
				CODE_SIGN_STYLE = Automatic;
				INFOPLIST_FILE = forTest/Info.plist;
				LD_RUNPATH_SEARCH_PATHS = (
					"$(inherited)",
					"@executable_path/Frameworks",
				);
				PRODUCT_BUNDLE_IDENTIFIER = joe.forTest;
				PRODUCT_NAME = "$(TARGET_NAME)";
				SWIFT_VERSION = 5.0;
				TARGETED_DEVICE_FAMILY = "1,2";
			};
			name = Release;
		};
		D8E27FAC26D38556008F5453 /* Debug */ = {
			isa = XCBuildConfiguration;
			buildSettings = {
				ALWAYS_EMBED_SWIFT_STANDARD_LIBRARIES = YES;
				BUNDLE_LOADER = "$(TEST_HOST)";
				CODE_SIGN_STYLE = Automatic;
				INFOPLIST_FILE = forTestTests/Info.plist;
				IPHONEOS_DEPLOYMENT_TARGET = 14.5;
				LD_RUNPATH_SEARCH_PATHS = (
					"$(inherited)",
					"@executable_path/Frameworks",
					"@loader_path/Frameworks",
				);
				PRODUCT_BUNDLE_IDENTIFIER = joe.forTestTests;
				PRODUCT_NAME = "$(TARGET_NAME)";
				SWIFT_VERSION = 5.0;
				TARGETED_DEVICE_FAMILY = "1,2";
				TEST_HOST = "$(BUILT_PRODUCTS_DIR)/forTest.app/forTest";
			};
			name = Debug;
		};
		D8E27FAD26D38556008F5453 /* Release */ = {
			isa = XCBuildConfiguration;
			buildSettings = {
				ALWAYS_EMBED_SWIFT_STANDARD_LIBRARIES = YES;
				BUNDLE_LOADER = "$(TEST_HOST)";
				CODE_SIGN_STYLE = Automatic;
				INFOPLIST_FILE = forTestTests/Info.plist;
				IPHONEOS_DEPLOYMENT_TARGET = 14.5;
				LD_RUNPATH_SEARCH_PATHS = (
					"$(inherited)",
					"@executable_path/Frameworks",
					"@loader_path/Frameworks",
				);
				PRODUCT_BUNDLE_IDENTIFIER = joe.forTestTests;
				PRODUCT_NAME = "$(TARGET_NAME)";
				SWIFT_VERSION = 5.0;
				TARGETED_DEVICE_FAMILY = "1,2";
				TEST_HOST = "$(BUILT_PRODUCTS_DIR)/forTest.app/forTest";
			};
			name = Release;
		};
		D8E27FAF26D38556008F5453 /* Debug */ = {
			isa = XCBuildConfiguration;
			buildSettings = {
				ALWAYS_EMBED_SWIFT_STANDARD_LIBRARIES = YES;
				CODE_SIGN_STYLE = Automatic;
				INFOPLIST_FILE = forTestUITests/Info.plist;
				LD_RUNPATH_SEARCH_PATHS = (
					"$(inherited)",
					"@executable_path/Frameworks",
					"@loader_path/Frameworks",
				);
				PRODUCT_BUNDLE_IDENTIFIER = joe.forTestUITests;
				PRODUCT_NAME = "$(TARGET_NAME)";
				SWIFT_VERSION = 5.0;
				TARGETED_DEVICE_FAMILY = "1,2";
				TEST_TARGET_NAME = forTest;
			};
			name = Debug;
		};
		D8E27FB026D38556008F5453 /* Release */ = {
			isa = XCBuildConfiguration;
			buildSettings = {
				ALWAYS_EMBED_SWIFT_STANDARD_LIBRARIES = YES;
				CODE_SIGN_STYLE = Automatic;
				INFOPLIST_FILE = forTestUITests/Info.plist;
				LD_RUNPATH_SEARCH_PATHS = (
					"$(inherited)",
					"@executable_path/Frameworks",
					"@loader_path/Frameworks",
				);
				PRODUCT_BUNDLE_IDENTIFIER = joe.forTestUITests;
				PRODUCT_NAME = "$(TARGET_NAME)";
				SWIFT_VERSION = 5.0;
				TARGETED_DEVICE_FAMILY = "1,2";
				TEST_TARGET_NAME = forTest;
			};
			name = Release;
		};
/* End XCBuildConfiguration section */

/* Begin XCConfigurationList section */
		D8E27F7926D38555008F5453 /* Build configuration list for PBXProject "forTest" */ = {
			isa = XCConfigurationList;
			buildConfigurations = (
				D8E27FA626D38556008F5453 /* Debug */,
				D8E27FA726D38556008F5453 /* Release */,
			);
			defaultConfigurationIsVisible = 0;
			defaultConfigurationName = Release;
		};
		D8E27FA826D38556008F5453 /* Build configuration list for PBXNativeTarget "forTest" */ = {
			isa = XCConfigurationList;
			buildConfigurations = (
				D8E27FA926D38556008F5453 /* Debug */,
				D8E27FAA26D38556008F5453 /* Release */,
			);
			defaultConfigurationIsVisible = 0;
			defaultConfigurationName = Release;
		};
		D8E27FAB26D38556008F5453 /* Build configuration list for PBXNativeTarget "forTestTests" */ = {
			isa = XCConfigurationList;
			buildConfigurations = (
				D8E27FAC26D38556008F5453 /* Debug */,
				D8E27FAD26D38556008F5453 /* Release */,
			);
			defaultConfigurationIsVisible = 0;
			defaultConfigurationName = Release;
		};
		D8E27FAE26D38556008F5453 /* Build configuration list for PBXNativeTarget "forTestUITests" */ = {
			isa = XCConfigurationList;
			buildConfigurations = (
				D8E27FAF26D38556008F5453 /* Debug */,
				D8E27FB026D38556008F5453 /* Release */,
			);
			defaultConfigurationIsVisible = 0;
			defaultConfigurationName = Release;
		};
/* End XCConfigurationList section */
	};
	rootObject = D8E27F7626D38555008F5453 /* Project object */;
}
